// !$*UTF8*$!
{
	archiveVersion = 1;
	classes = {
	};
	objectVersion = 46;
	objects = {

/* Begin PBXBuildFile section */
		A7E2F34A18DAC81E00C569D6 /* Foundation.framework in Frameworks */ = {isa = PBXBuildFile; fileRef = A7E2F34918DAC81E00C569D6 /* Foundation.framework */; };
		A7E2F34C18DAC81E00C569D6 /* CoreGraphics.framework in Frameworks */ = {isa = PBXBuildFile; fileRef = A7E2F34B18DAC81E00C569D6 /* CoreGraphics.framework */; };
		A7E2F34E18DAC81E00C569D6 /* UIKit.framework in Frameworks */ = {isa = PBXBuildFile; fileRef = A7E2F34D18DAC81E00C569D6 /* UIKit.framework */; };
		A7E2F35018DAC81E00C569D6 /* GLKit.framework in Frameworks */ = {isa = PBXBuildFile; fileRef = A7E2F34F18DAC81E00C569D6 /* GLKit.framework */; };
		A7E2F35218DAC81E00C569D6 /* OpenGLES.framework in Frameworks */ = {isa = PBXBuildFile; fileRef = A7E2F35118DAC81E00C569D6 /* OpenGLES.framework */; };
		A7E2F35818DAC81E00C569D6 /* InfoPlist.strings in Resources */ = {isa = PBXBuildFile; fileRef = A7E2F35618DAC81E00C569D6 /* InfoPlist.strings */; };
		A7E2F35A18DAC81E00C569D6 /* main.m in Sources */ = {isa = PBXBuildFile; fileRef = A7E2F35918DAC81E00C569D6 /* main.m */; };
		A7E2F35E18DAC81E00C569D6 /* HMXAppDelegate.m in Sources */ = {isa = PBXBuildFile; fileRef = A7E2F35D18DAC81E00C569D6 /* HMXAppDelegate.m */; };
		A7E2F36118DAC81E00C569D6 /* Main.storyboard in Resources */ = {isa = PBXBuildFile; fileRef = A7E2F35F18DAC81E00C569D6 /* Main.storyboard */; };
		A7E2F36318DAC81E00C569D6 /* Shader.fsh in Resources */ = {isa = PBXBuildFile; fileRef = A7E2F36218DAC81E00C569D6 /* Shader.fsh */; };
		A7E2F36518DAC81E00C569D6 /* Shader.vsh in Resources */ = {isa = PBXBuildFile; fileRef = A7E2F36418DAC81E00C569D6 /* Shader.vsh */; };
		A7E2F36818DAC81E00C569D6 /* HMXViewController.m in Sources */ = {isa = PBXBuildFile; fileRef = A7E2F36718DAC81E00C569D6 /* HMXViewController.m */; };
		A7E2F36A18DAC81E00C569D6 /* Images.xcassets in Resources */ = {isa = PBXBuildFile; fileRef = A7E2F36918DAC81E00C569D6 /* Images.xcassets */; };
		A7E2F37118DAC81E00C569D6 /* XCTest.framework in Frameworks */ = {isa = PBXBuildFile; fileRef = A7E2F37018DAC81E00C569D6 /* XCTest.framework */; };
		A7E2F37218DAC81E00C569D6 /* Foundation.framework in Frameworks */ = {isa = PBXBuildFile; fileRef = A7E2F34918DAC81E00C569D6 /* Foundation.framework */; };
		A7E2F37318DAC81E00C569D6 /* UIKit.framework in Frameworks */ = {isa = PBXBuildFile; fileRef = A7E2F34D18DAC81E00C569D6 /* UIKit.framework */; };
		A7E2F37B18DAC81E00C569D6 /* InfoPlist.strings in Resources */ = {isa = PBXBuildFile; fileRef = A7E2F37918DAC81E00C569D6 /* InfoPlist.strings */; };
		A7E2F37D18DAC81E00C569D6 /* gameSampleTests.m in Sources */ = {isa = PBXBuildFile; fileRef = A7E2F37C18DAC81E00C569D6 /* gameSampleTests.m */; };
/* End PBXBuildFile section */

/* Begin PBXContainerItemProxy section */
		A7E2F37418DAC81E00C569D6 /* PBXContainerItemProxy */ = {
			isa = PBXContainerItemProxy;
			containerPortal = A7E2F33E18DAC81E00C569D6 /* Project object */;
			proxyType = 1;
			remoteGlobalIDString = A7E2F34518DAC81E00C569D6;
			remoteInfo = gameSample;
		};
/* End PBXContainerItemProxy section */

/* Begin PBXFileReference section */
		A7E2F34618DAC81E00C569D6 /* gameSample.app */ = {isa = PBXFileReference; explicitFileType = wrapper.application; includeInIndex = 0; path = gameSample.app; sourceTree = BUILT_PRODUCTS_DIR; };
		A7E2F34918DAC81E00C569D6 /* Foundation.framework */ = {isa = PBXFileReference; lastKnownFileType = wrapper.framework; name = Foundation.framework; path = System/Library/Frameworks/Foundation.framework; sourceTree = SDKROOT; };
		A7E2F34B18DAC81E00C569D6 /* CoreGraphics.framework */ = {isa = PBXFileReference; lastKnownFileType = wrapper.framework; name = CoreGraphics.framework; path = System/Library/Frameworks/CoreGraphics.framework; sourceTree = SDKROOT; };
		A7E2F34D18DAC81E00C569D6 /* UIKit.framework */ = {isa = PBXFileReference; lastKnownFileType = wrapper.framework; name = UIKit.framework; path = System/Library/Frameworks/UIKit.framework; sourceTree = SDKROOT; };
		A7E2F34F18DAC81E00C569D6 /* GLKit.framework */ = {isa = PBXFileReference; lastKnownFileType = wrapper.framework; name = GLKit.framework; path = System/Library/Frameworks/GLKit.framework; sourceTree = SDKROOT; };
		A7E2F35118DAC81E00C569D6 /* OpenGLES.framework */ = {isa = PBXFileReference; lastKnownFileType = wrapper.framework; name = OpenGLES.framework; path = System/Library/Frameworks/OpenGLES.framework; sourceTree = SDKROOT; };
		A7E2F35518DAC81E00C569D6 /* gameSample-Info.plist */ = {isa = PBXFileReference; lastKnownFileType = text.plist.xml; path = "gameSample-Info.plist"; sourceTree = "<group>"; };
		A7E2F35718DAC81E00C569D6 /* en */ = {isa = PBXFileReference; lastKnownFileType = text.plist.strings; name = en; path = en.lproj/InfoPlist.strings; sourceTree = "<group>"; };
		A7E2F35918DAC81E00C569D6 /* main.m */ = {isa = PBXFileReference; lastKnownFileType = sourcecode.c.objc; path = main.m; sourceTree = "<group>"; };
		A7E2F35B18DAC81E00C569D6 /* gameSample-Prefix.pch */ = {isa = PBXFileReference; lastKnownFileType = sourcecode.c.h; path = "gameSample-Prefix.pch"; sourceTree = "<group>"; };
		A7E2F35C18DAC81E00C569D6 /* HMXAppDelegate.h */ = {isa = PBXFileReference; lastKnownFileType = sourcecode.c.h; path = HMXAppDelegate.h; sourceTree = "<group>"; };
		A7E2F35D18DAC81E00C569D6 /* HMXAppDelegate.m */ = {isa = PBXFileReference; lastKnownFileType = sourcecode.c.objc; path = HMXAppDelegate.m; sourceTree = "<group>"; };
		A7E2F36018DAC81E00C569D6 /* Base */ = {isa = PBXFileReference; lastKnownFileType = file.storyboard; name = Base; path = Base.lproj/Main.storyboard; sourceTree = "<group>"; };
		A7E2F36218DAC81E00C569D6 /* Shader.fsh */ = {isa = PBXFileReference; lastKnownFileType = sourcecode.glsl; name = Shader.fsh; path = Shaders/Shader.fsh; sourceTree = "<group>"; };
		A7E2F36418DAC81E00C569D6 /* Shader.vsh */ = {isa = PBXFileReference; lastKnownFileType = sourcecode.glsl; name = Shader.vsh; path = Shaders/Shader.vsh; sourceTree = "<group>"; };
		A7E2F36618DAC81E00C569D6 /* HMXViewController.h */ = {isa = PBXFileReference; lastKnownFileType = sourcecode.c.h; path = HMXViewController.h; sourceTree = "<group>"; };
		A7E2F36718DAC81E00C569D6 /* HMXViewController.m */ = {isa = PBXFileReference; lastKnownFileType = sourcecode.c.objc; path = HMXViewController.m; sourceTree = "<group>"; };
		A7E2F36918DAC81E00C569D6 /* Images.xcassets */ = {isa = PBXFileReference; lastKnownFileType = folder.assetcatalog; path = Images.xcassets; sourceTree = "<group>"; };
		A7E2F36F18DAC81E00C569D6 /* gameSampleTests.xctest */ = {isa = PBXFileReference; explicitFileType = wrapper.cfbundle; includeInIndex = 0; path = gameSampleTests.xctest; sourceTree = BUILT_PRODUCTS_DIR; };
		A7E2F37018DAC81E00C569D6 /* XCTest.framework */ = {isa = PBXFileReference; lastKnownFileType = wrapper.framework; name = XCTest.framework; path = Library/Frameworks/XCTest.framework; sourceTree = DEVELOPER_DIR; };
		A7E2F37818DAC81E00C569D6 /* gameSampleTests-Info.plist */ = {isa = PBXFileReference; lastKnownFileType = text.plist.xml; path = "gameSampleTests-Info.plist"; sourceTree = "<group>"; };
		A7E2F37A18DAC81E00C569D6 /* en */ = {isa = PBXFileReference; lastKnownFileType = text.plist.strings; name = en; path = en.lproj/InfoPlist.strings; sourceTree = "<group>"; };
		A7E2F37C18DAC81E00C569D6 /* gameSampleTests.m */ = {isa = PBXFileReference; lastKnownFileType = sourcecode.c.objc; path = gameSampleTests.m; sourceTree = "<group>"; };
/* End PBXFileReference section */

/* Begin PBXFrameworksBuildPhase section */
		A7E2F34318DAC81E00C569D6 /* Frameworks */ = {
			isa = PBXFrameworksBuildPhase;
			buildActionMask = 2147483647;
			files = (
				A7E2F35218DAC81E00C569D6 /* OpenGLES.framework in Frameworks */,
				A7E2F34C18DAC81E00C569D6 /* CoreGraphics.framework in Frameworks */,
				A7E2F34E18DAC81E00C569D6 /* UIKit.framework in Frameworks */,
				A7E2F35018DAC81E00C569D6 /* GLKit.framework in Frameworks */,
				A7E2F34A18DAC81E00C569D6 /* Foundation.framework in Frameworks */,
			);
			runOnlyForDeploymentPostprocessing = 0;
		};
		A7E2F36C18DAC81E00C569D6 /* Frameworks */ = {
			isa = PBXFrameworksBuildPhase;
			buildActionMask = 2147483647;
			files = (
				A7E2F37118DAC81E00C569D6 /* XCTest.framework in Frameworks */,
				A7E2F37318DAC81E00C569D6 /* UIKit.framework in Frameworks */,
				A7E2F37218DAC81E00C569D6 /* Foundation.framework in Frameworks */,
			);
			runOnlyForDeploymentPostprocessing = 0;
		};
/* End PBXFrameworksBuildPhase section */

/* Begin PBXGroup section */
		A7E2F33D18DAC81E00C569D6 = {
			isa = PBXGroup;
			children = (
				A7E2F35318DAC81E00C569D6 /* gameSample */,
				A7E2F37618DAC81E00C569D6 /* gameSampleTests */,
				A7E2F34818DAC81E00C569D6 /* Frameworks */,
				A7E2F34718DAC81E00C569D6 /* Products */,
			);
			sourceTree = "<group>";
		};
		A7E2F34718DAC81E00C569D6 /* Products */ = {
			isa = PBXGroup;
			children = (
				A7E2F34618DAC81E00C569D6 /* gameSample.app */,
				A7E2F36F18DAC81E00C569D6 /* gameSampleTests.xctest */,
			);
			name = Products;
			sourceTree = "<group>";
		};
		A7E2F34818DAC81E00C569D6 /* Frameworks */ = {
			isa = PBXGroup;
			children = (
				A7E2F34918DAC81E00C569D6 /* Foundation.framework */,
				A7E2F34B18DAC81E00C569D6 /* CoreGraphics.framework */,
				A7E2F34D18DAC81E00C569D6 /* UIKit.framework */,
				A7E2F34F18DAC81E00C569D6 /* GLKit.framework */,
				A7E2F35118DAC81E00C569D6 /* OpenGLES.framework */,
				A7E2F37018DAC81E00C569D6 /* XCTest.framework */,
			);
			name = Frameworks;
			sourceTree = "<group>";
		};
		A7E2F35318DAC81E00C569D6 /* gameSample */ = {
			isa = PBXGroup;
			children = (
				A7E2F35C18DAC81E00C569D6 /* HMXAppDelegate.h */,
				A7E2F35D18DAC81E00C569D6 /* HMXAppDelegate.m */,
				A7E2F35F18DAC81E00C569D6 /* Main.storyboard */,
				A7E2F36218DAC81E00C569D6 /* Shader.fsh */,
				A7E2F36418DAC81E00C569D6 /* Shader.vsh */,
				A7E2F36618DAC81E00C569D6 /* HMXViewController.h */,
				A7E2F36718DAC81E00C569D6 /* HMXViewController.m */,
				A7E2F36918DAC81E00C569D6 /* Images.xcassets */,
				A7E2F35418DAC81E00C569D6 /* Supporting Files */,
			);
			path = gameSample;
			sourceTree = "<group>";
		};
		A7E2F35418DAC81E00C569D6 /* Supporting Files */ = {
			isa = PBXGroup;
			children = (
				A7E2F35518DAC81E00C569D6 /* gameSample-Info.plist */,
				A7E2F35618DAC81E00C569D6 /* InfoPlist.strings */,
				A7E2F35918DAC81E00C569D6 /* main.m */,
				A7E2F35B18DAC81E00C569D6 /* gameSample-Prefix.pch */,
			);
			name = "Supporting Files";
			sourceTree = "<group>";
		};
		A7E2F37618DAC81E00C569D6 /* gameSampleTests */ = {
			isa = PBXGroup;
			children = (
				A7E2F37C18DAC81E00C569D6 /* gameSampleTests.m */,
				A7E2F37718DAC81E00C569D6 /* Supporting Files */,
			);
			path = gameSampleTests;
			sourceTree = "<group>";
		};
		A7E2F37718DAC81E00C569D6 /* Supporting Files */ = {
			isa = PBXGroup;
			children = (
				A7E2F37818DAC81E00C569D6 /* gameSampleTests-Info.plist */,
				A7E2F37918DAC81E00C569D6 /* InfoPlist.strings */,
			);
			name = "Supporting Files";
			sourceTree = "<group>";
		};
/* End PBXGroup section */

/* Begin PBXNativeTarget section */
		A7E2F34518DAC81E00C569D6 /* gameSample */ = {
			isa = PBXNativeTarget;
			buildConfigurationList = A7E2F38018DAC81E00C569D6 /* Build configuration list for PBXNativeTarget "gameSample" */;
			buildPhases = (
				A7E2F34218DAC81E00C569D6 /* Sources */,
				A7E2F34318DAC81E00C569D6 /* Frameworks */,
				A7E2F34418DAC81E00C569D6 /* Resources */,
			);
			buildRules = (
			);
			dependencies = (
			);
			name = gameSample;
			productName = gameSample;
			productReference = A7E2F34618DAC81E00C569D6 /* gameSample.app */;
			productType = "com.apple.product-type.application";
		};
		A7E2F36E18DAC81E00C569D6 /* gameSampleTests */ = {
			isa = PBXNativeTarget;
			buildConfigurationList = A7E2F38318DAC81E00C569D6 /* Build configuration list for PBXNativeTarget "gameSampleTests" */;
			buildPhases = (
				A7E2F36B18DAC81E00C569D6 /* Sources */,
				A7E2F36C18DAC81E00C569D6 /* Frameworks */,
				A7E2F36D18DAC81E00C569D6 /* Resources */,
			);
			buildRules = (
			);
			dependencies = (
				A7E2F37518DAC81E00C569D6 /* PBXTargetDependency */,
			);
			name = gameSampleTests;
			productName = gameSampleTests;
			productReference = A7E2F36F18DAC81E00C569D6 /* gameSampleTests.xctest */;
			productType = "com.apple.product-type.bundle.unit-test";
		};
/* End PBXNativeTarget section */

/* Begin PBXProject section */
		A7E2F33E18DAC81E00C569D6 /* Project object */ = {
			isa = PBXProject;
			attributes = {
				CLASSPREFIX = HMX;
				LastUpgradeCheck = 0510;
				ORGANIZATIONNAME = hotmix;
				TargetAttributes = {
					A7E2F36E18DAC81E00C569D6 = {
						TestTargetID = A7E2F34518DAC81E00C569D6;
					};
				};
			};
			buildConfigurationList = A7E2F34118DAC81E00C569D6 /* Build configuration list for PBXProject "gameSample" */;
			compatibilityVersion = "Xcode 3.2";
			developmentRegion = English;
			hasScannedForEncodings = 0;
			knownRegions = (
				en,
				Base,
			);
			mainGroup = A7E2F33D18DAC81E00C569D6;
			productRefGroup = A7E2F34718DAC81E00C569D6 /* Products */;
			projectDirPath = "";
			projectRoot = "";
			targets = (
				A7E2F34518DAC81E00C569D6 /* gameSample */,
				A7E2F36E18DAC81E00C569D6 /* gameSampleTests */,
			);
		};
/* End PBXProject section */

/* Begin PBXResourcesBuildPhase section */
		A7E2F34418DAC81E00C569D6 /* Resources */ = {
			isa = PBXResourcesBuildPhase;
			buildActionMask = 2147483647;
			files = (
				A7E2F36518DAC81E00C569D6 /* Shader.vsh in Resources */,
				A7E2F36A18DAC81E00C569D6 /* Images.xcassets in Resources */,
				A7E2F36318DAC81E00C569D6 /* Shader.fsh in Resources */,
				A7E2F35818DAC81E00C569D6 /* InfoPlist.strings in Resources */,
				A7E2F36118DAC81E00C569D6 /* Main.storyboard in Resources */,
			);
			runOnlyForDeploymentPostprocessing = 0;
		};
		A7E2F36D18DAC81E00C569D6 /* Resources */ = {
			isa = PBXResourcesBuildPhase;
			buildActionMask = 2147483647;
			files = (
				A7E2F37B18DAC81E00C569D6 /* InfoPlist.strings in Resources */,
			);
			runOnlyForDeploymentPostprocessing = 0;
		};
/* End PBXResourcesBuildPhase section */

/* Begin PBXSourcesBuildPhase section */
		A7E2F34218DAC81E00C569D6 /* Sources */ = {
			isa = PBXSourcesBuildPhase;
			buildActionMask = 2147483647;
			files = (
				A7E2F36818DAC81E00C569D6 /* HMXViewController.m in Sources */,
				A7E2F35E18DAC81E00C569D6 /* HMXAppDelegate.m in Sources */,
				A7E2F35A18DAC81E00C569D6 /* main.m in Sources */,
			);
			runOnlyForDeploymentPostprocessing = 0;
		};
		A7E2F36B18DAC81E00C569D6 /* Sources */ = {
			isa = PBXSourcesBuildPhase;
			buildActionMask = 2147483647;
			files = (
				A7E2F37D18DAC81E00C569D6 /* gameSampleTests.m in Sources */,
			);
			runOnlyForDeploymentPostprocessing = 0;
		};
/* End PBXSourcesBuildPhase section */

/* Begin PBXTargetDependency section */
		A7E2F37518DAC81E00C569D6 /* PBXTargetDependency */ = {
			isa = PBXTargetDependency;
			target = A7E2F34518DAC81E00C569D6 /* gameSample */;
			targetProxy = A7E2F37418DAC81E00C569D6 /* PBXContainerItemProxy */;
		};
/* End PBXTargetDependency section */

/* Begin PBXVariantGroup section */
		A7E2F35618DAC81E00C569D6 /* InfoPlist.strings */ = {
			isa = PBXVariantGroup;
			children = (
				A7E2F35718DAC81E00C569D6 /* en */,
			);
			name = InfoPlist.strings;
			sourceTree = "<group>";
		};
		A7E2F35F18DAC81E00C569D6 /* Main.storyboard */ = {
			isa = PBXVariantGroup;
			children = (
				A7E2F36018DAC81E00C569D6 /* Base */,
			);
			name = Main.storyboard;
			sourceTree = "<group>";
		};
		A7E2F37918DAC81E00C569D6 /* InfoPlist.strings */ = {
			isa = PBXVariantGroup;
			children = (
				A7E2F37A18DAC81E00C569D6 /* en */,
			);
			name = InfoPlist.strings;
			sourceTree = "<group>";
		};
/* End PBXVariantGroup section */

/* Begin XCBuildConfiguration section */
		A7E2F37E18DAC81E00C569D6 /* Debug */ = {
			isa = XCBuildConfiguration;
			buildSettings = {
				ALWAYS_SEARCH_USER_PATHS = NO;
				CLANG_CXX_LANGUAGE_STANDARD = "gnu++0x";
				CLANG_CXX_LIBRARY = "libc++";
				CLANG_ENABLE_MODULES = YES;
				CLANG_ENABLE_OBJC_ARC = YES;
				CLANG_WARN_BOOL_CONVERSION = YES;
				CLANG_WARN_CONSTANT_CONVERSION = YES;
				CLANG_WARN_DIRECT_OBJC_ISA_USAGE = YES_ERROR;
				CLANG_WARN_EMPTY_BODY = YES;
				CLANG_WARN_ENUM_CONVERSION = YES;
				CLANG_WARN_INT_CONVERSION = YES;
				CLANG_WARN_OBJC_ROOT_CLASS = YES_ERROR;
				CLANG_WARN__DUPLICATE_METHOD_MATCH = YES;
				"CODE_SIGN_IDENTITY[sdk=iphoneos*]" = "iPhone Developer";
				COPY_PHASE_STRIP = NO;
				GCC_C_LANGUAGE_STANDARD = gnu99;
				GCC_DYNAMIC_NO_PIC = NO;
				GCC_OPTIMIZATION_LEVEL = 0;
				GCC_PREPROCESSOR_DEFINITIONS = (
					"DEBUG=1",
					"$(inherited)",
				);
				GCC_SYMBOLS_PRIVATE_EXTERN = NO;
				GCC_WARN_64_TO_32_BIT_CONVERSION = YES;
				GCC_WARN_ABOUT_RETURN_TYPE = YES_ERROR;
				GCC_WARN_UNDECLARED_SELECTOR = YES;
				GCC_WARN_UNINITIALIZED_AUTOS = YES_AGGRESSIVE;
				GCC_WARN_UNUSED_FUNCTION = YES;
				GCC_WARN_UNUSED_VARIABLE = YES;
				IPHONEOS_DEPLOYMENT_TARGET = 7.1;
				ONLY_ACTIVE_ARCH = YES;
				SDKROOT = iphoneos;
			};
			name = Debug;
		};
		A7E2F37F18DAC81E00C569D6 /* Release */ = {
			isa = XCBuildConfiguration;
			buildSettings = {
				ALWAYS_SEARCH_USER_PATHS = NO;
				CLANG_CXX_LANGUAGE_STANDARD = "gnu++0x";
				CLANG_CXX_LIBRARY = "libc++";
				CLANG_ENABLE_MODULES = YES;
				CLANG_ENABLE_OBJC_ARC = YES;
				CLANG_WARN_BOOL_CONVERSION = YES;
				CLANG_WARN_CONSTANT_CONVERSION = YES;
				CLANG_WARN_DIRECT_OBJC_ISA_USAGE = YES_ERROR;
				CLANG_WARN_EMPTY_BODY = YES;
				CLANG_WARN_ENUM_CONVERSION = YES;
				CLANG_WARN_INT_CONVERSION = YES;
				CLANG_WARN_OBJC_ROOT_CLASS = YES_ERROR;
				CLANG_WARN__DUPLICATE_METHOD_MATCH = YES;
				"CODE_SIGN_IDENTITY[sdk=iphoneos*]" = "iPhone Developer";
				COPY_PHASE_STRIP = YES;
				ENABLE_NS_ASSERTIONS = NO;
				GCC_C_LANGUAGE_STANDARD = gnu99;
				GCC_WARN_64_TO_32_BIT_CONVERSION = YES;
				GCC_WARN_ABOUT_RETURN_TYPE = YES_ERROR;
				GCC_WARN_UNDECLARED_SELECTOR = YES;
				GCC_WARN_UNINITIALIZED_AUTOS = YES_AGGRESSIVE;
				GCC_WARN_UNUSED_FUNCTION = YES;
				GCC_WARN_UNUSED_VARIABLE = YES;
				IPHONEOS_DEPLOYMENT_TARGET = 7.1;
				SDKROOT = iphoneos;
				VALIDATE_PRODUCT = YES;
			};
			name = Release;
		};
		A7E2F38118DAC81E00C569D6 /* Debug */ = {
			isa = XCBuildConfiguration;
			buildSettings = {
				ASSETCATALOG_COMPILER_APPICON_NAME = AppIcon;
				ASSETCATALOG_COMPILER_LAUNCHIMAGE_NAME = LaunchImage;
				GCC_PRECOMPILE_PREFIX_HEADER = YES;
				GCC_PREFIX_HEADER = "gameSample/gameSample-Prefix.pch";
				INFOPLIST_FILE = "gameSample/gameSample-Info.plist";
				PRODUCT_NAME = "$(TARGET_NAME)";
				WRAPPER_EXTENSION = app;
			};
			name = Debug;
		};
		A7E2F38218DAC81E00C569D6 /* Release */ = {
			isa = XCBuildConfiguration;
			buildSettings = {
				ASSETCATALOG_COMPILER_APPICON_NAME = AppIcon;
				ASSETCATALOG_COMPILER_LAUNCHIMAGE_NAME = LaunchImage;
				GCC_PRECOMPILE_PREFIX_HEADER = YES;
				GCC_PREFIX_HEADER = "gameSample/gameSample-Prefix.pch";
				INFOPLIST_FILE = "gameSample/gameSample-Info.plist";
				PRODUCT_NAME = "$(TARGET_NAME)";
				WRAPPER_EXTENSION = app;
			};
			name = Release;
		};
		A7E2F38418DAC81E00C569D6 /* Debug */ = {
			isa = XCBuildConfiguration;
			buildSettings = {
				BUNDLE_LOADER = "$(BUILT_PRODUCTS_DIR)/gameSample.app/gameSample";
				FRAMEWORK_SEARCH_PATHS = (
					"$(SDKROOT)/Developer/Library/Frameworks",
					"$(inherited)",
					"$(DEVELOPER_FRAMEWORKS_DIR)",
				);
				GCC_PRECOMPILE_PREFIX_HEADER = YES;
				GCC_PREFIX_HEADER = "gameSample/gameSample-Prefix.pch";
				GCC_PREPROCESSOR_DEFINITIONS = (
					"DEBUG=1",
					"$(inherited)",
				);
				INFOPLIST_FILE = "gameSampleTests/gameSampleTests-Info.plist";
				PRODUCT_NAME = "$(TARGET_NAME)";
				TEST_HOST = "$(BUNDLE_LOADER)";
				WRAPPER_EXTENSION = xctest;
			};
			name = Debug;
		};
		A7E2F38518DAC81E00C569D6 /* Release */ = {
			isa = XCBuildConfiguration;
			buildSettings = {
				BUNDLE_LOADER = "$(BUILT_PRODUCTS_DIR)/gameSample.app/gameSample";
				FRAMEWORK_SEARCH_PATHS = (
					"$(SDKROOT)/Developer/Library/Frameworks",
					"$(inherited)",
					"$(DEVELOPER_FRAMEWORKS_DIR)",
				);
				GCC_PRECOMPILE_PREFIX_HEADER = YES;
				GCC_PREFIX_HEADER = "gameSample/gameSample-Prefix.pch";
				INFOPLIST_FILE = "gameSampleTests/gameSampleTests-Info.plist";
				PRODUCT_NAME = "$(TARGET_NAME)";
				TEST_HOST = "$(BUNDLE_LOADER)";
				WRAPPER_EXTENSION = xctest;
			};
			name = Release;
		};
/* End XCBuildConfiguration section */

/* Begin XCConfigurationList section */
		A7E2F34118DAC81E00C569D6 /* Build configuration list for PBXProject "gameSample" */ = {
			isa = XCConfigurationList;
			buildConfigurations = (
				A7E2F37E18DAC81E00C569D6 /* Debug */,
				A7E2F37F18DAC81E00C569D6 /* Release */,
			);
			defaultConfigurationIsVisible = 0;
			defaultConfigurationName = Release;
		};
		A7E2F38018DAC81E00C569D6 /* Build configuration list for PBXNativeTarget "gameSample" */ = {
			isa = XCConfigurationList;
			buildConfigurations = (
				A7E2F38118DAC81E00C569D6 /* Debug */,
				A7E2F38218DAC81E00C569D6 /* Release */,
			);
			defaultConfigurationIsVisible = 0;
		};
		A7E2F38318DAC81E00C569D6 /* Build configuration list for PBXNativeTarget "gameSampleTests" */ = {
			isa = XCConfigurationList;
			buildConfigurations = (
				A7E2F38418DAC81E00C569D6 /* Debug */,
				A7E2F38518DAC81E00C569D6 /* Release */,
			);
			defaultConfigurationIsVisible = 0;
		};
/* End XCConfigurationList section */
	};
	rootObject = A7E2F33E18DAC81E00C569D6 /* Project object */;
}
